
Microsoft Visual Studio Solution File, Format Version 12.00
# Visual Studio 15
VisualStudioVersion = 15.0.28307.421
MinimumVisualStudioVersion = 10.0.40219.1
Project("{FAE04EC0-301F-11D3-BF4B-00C04F79EFBC}") = "MultiMaster2", "MultiMaster2\MultiMaster2.csproj", "{9D49FCFF-133F-42DF-898F-B248BEA0F608}"
EndProject
Global
	GlobalSection(SolutionConfigurationPlatforms) = preSolution
		Debug|Any CPU = Debug|Any CPU
		Release|Any CPU = Release|Any CPU
	EndGlobalSection
	GlobalSection(ProjectConfigurationPlatforms) = postSolution
		{9D49FCFF-133F-42DF-898F-B248BEA0F608}.Debug|Any CPU.ActiveCfg = Debug|Any CPU
		{9D49FCFF-133F-42DF-898F-B248BEA0F608}.Debug|Any CPU.Build.0 = Debug|Any CPU
		{9D49FCFF-133F-42DF-898F-B248BEA0F608}.Release|Any CPU.ActiveCfg = Release|Any CPU
		{9D49FCFF-133F-42DF-898F-B248BEA0F608}.Release|Any CPU.Build.0 = Release|Any CPU
	EndGlobalSection
	GlobalSection(SolutionProperties) = preSolution
		HideSolutionNode = FALSE
	EndGlobalSection
	GlobalSection(ExtensibilityGlobals) = postSolution
		SolutionGuid = {06944E60-954E-48E3-8C1B-A8C9C19540EA}
	EndGlobalSection
EndGlobal
