
Microsoft Visual Studio Solution File, Format Version 12.00
# Visual Studio 15
VisualStudioVersion = 15.0.28010.2041
MinimumVisualStudioVersion = 10.0.40219.1
Project("{FAE04EC0-301F-11D3-BF4B-00C04F79EFBC}") = "CServerDemo", "CServerDemo\CServerDemo.csproj", "{075F64FA-79EB-47AE-B7CF-4F1A5ABF2F02}"
EndProject
Global
	GlobalSection(SolutionConfigurationPlatforms) = preSolution
		Debug|Any CPU = Debug|Any CPU
		Release|Any CPU = Release|Any CPU
	EndGlobalSection
	GlobalSection(ProjectConfigurationPlatforms) = postSolution
		{075F64FA-79EB-47AE-B7CF-4F1A5ABF2F02}.Debug|Any CPU.ActiveCfg = Debug|Any CPU
		{075F64FA-79EB-47AE-B7CF-4F1A5ABF2F02}.Debug|Any CPU.Build.0 = Debug|Any CPU
		{075F64FA-79EB-47AE-B7CF-4F1A5ABF2F02}.Release|Any CPU.ActiveCfg = Release|Any CPU
		{075F64FA-79EB-47AE-B7CF-4F1A5ABF2F02}.Release|Any CPU.Build.0 = Release|Any CPU
	EndGlobalSection
	GlobalSection(SolutionProperties) = preSolution
		HideSolutionNode = FALSE
	EndGlobalSection
	GlobalSection(ExtensibilityGlobals) = postSolution
		SolutionGuid = {846664D8-2659-4EA0-A678-4992A09C4EF1}
	EndGlobalSection
EndGlobal
